
Microsoft Visual Studio Solution File, Format Version 12.00
# Visual Studio Version 16
VisualStudioVersion = 16.0.31025.194
MinimumVisualStudioVersion = 10.0.40219.1
Project("{9A19103F-16F7-4668-BE54-9A1E7A4F7556}") = "KampDersleri", "KampDersleri\KampDersleri.csproj", "{6ED9F23F-7F05-4AB2-B8C4-F6D46CE2A318}"
EndProject
Project("{9A19103F-16F7-4668-BE54-9A1E7A4F7556}") = "Donguler", "Donguler\Donguler.csproj", "{BC78C3B8-548A-4EDE-AA09-F96E41733AD8}"
EndProject
Project("{9A19103F-16F7-4668-BE54-9A1E7A4F7556}") = "ClassIntro", "ClassIntro\ClassIntro.csproj", "{F829DF50-4FB2-4C79-80C3-73BD612AB9D4}"
EndProject
Project("{FAE04EC0-301F-11D3-BF4B-00C04F79EFBC}") = "Metotlar", "Metotlar\Metotlar.csproj", "{D69EBA06-BE45-4B29-A787-0918CE709186}"
EndProject
Project("{FAE04EC0-301F-11D3-BF4B-00C04F79EFBC}") = "Matematik", "Matematik\Matematik.csproj", "{FDE8115C-C317-444F-A8C6-BDDD628B97AB}"
EndProject
Project("{FAE04EC0-301F-11D3-BF4B-00C04F79EFBC}") = "DegerVeReferansTipler", "DegerVeReferansTipler\DegerVeReferansTipler.csproj", "{F97DE7C8-8462-47D8-AD45-FA0DAD2A9F17}"
EndProject
Global
	GlobalSection(SolutionConfigurationPlatforms) = preSolution
		Debug|Any CPU = Debug|Any CPU
		Release|Any CPU = Release|Any CPU
	EndGlobalSection
	GlobalSection(ProjectConfigurationPlatforms) = postSolution
		{6ED9F23F-7F05-4AB2-B8C4-F6D46CE2A318}.Debug|Any CPU.ActiveCfg = Debug|Any CPU
		{6ED9F23F-7F05-4AB2-B8C4-F6D46CE2A318}.Debug|Any CPU.Build.0 = Debug|Any CPU
		{6ED9F23F-7F05-4AB2-B8C4-F6D46CE2A318}.Release|Any CPU.ActiveCfg = Release|Any CPU
		{6ED9F23F-7F05-4AB2-B8C4-F6D46CE2A318}.Release|Any CPU.Build.0 = Release|Any CPU
		{BC78C3B8-548A-4EDE-AA09-F96E41733AD8}.Debug|Any CPU.ActiveCfg = Debug|Any CPU
		{BC78C3B8-548A-4EDE-AA09-F96E41733AD8}.Debug|Any CPU.Build.0 = Debug|Any CPU
		{BC78C3B8-548A-4EDE-AA09-F96E41733AD8}.Release|Any CPU.ActiveCfg = Release|Any CPU
		{BC78C3B8-548A-4EDE-AA09-F96E41733AD8}.Release|Any CPU.Build.0 = Release|Any CPU
		{F829DF50-4FB2-4C79-80C3-73BD612AB9D4}.Debug|Any CPU.ActiveCfg = Debug|Any CPU
		{F829DF50-4FB2-4C79-80C3-73BD612AB9D4}.Debug|Any CPU.Build.0 = Debug|Any CPU
		{F829DF50-4FB2-4C79-80C3-73BD612AB9D4}.Release|Any CPU.ActiveCfg = Release|Any CPU
		{F829DF50-4FB2-4C79-80C3-73BD612AB9D4}.Release|Any CPU.Build.0 = Release|Any CPU
		{D69EBA06-BE45-4B29-A787-0918CE709186}.Debug|Any CPU.ActiveCfg = Debug|Any CPU
		{D69EBA06-BE45-4B29-A787-0918CE709186}.Debug|Any CPU.Build.0 = Debug|Any CPU
		{D69EBA06-BE45-4B29-A787-0918CE709186}.Release|Any CPU.ActiveCfg = Release|Any CPU
		{D69EBA06-BE45-4B29-A787-0918CE709186}.Release|Any CPU.Build.0 = Release|Any CPU
		{FDE8115C-C317-444F-A8C6-BDDD628B97AB}.Debug|Any CPU.ActiveCfg = Debug|Any CPU
		{FDE8115C-C317-444F-A8C6-BDDD628B97AB}.Debug|Any CPU.Build.0 = Debug|Any CPU
		{FDE8115C-C317-444F-A8C6-BDDD628B97AB}.Release|Any CPU.ActiveCfg = Release|Any CPU
		{FDE8115C-C317-444F-A8C6-BDDD628B97AB}.Release|Any CPU.Build.0 = Release|Any CPU
		{F97DE7C8-8462-47D8-AD45-FA0DAD2A9F17}.Debug|Any CPU.ActiveCfg = Debug|Any CPU
		{F97DE7C8-8462-47D8-AD45-FA0DAD2A9F17}.Debug|Any CPU.Build.0 = Debug|Any CPU
		{F97DE7C8-8462-47D8-AD45-FA0DAD2A9F17}.Release|Any CPU.ActiveCfg = Release|Any CPU
		{F97DE7C8-8462-47D8-AD45-FA0DAD2A9F17}.Release|Any CPU.Build.0 = Release|Any CPU
	EndGlobalSection
	GlobalSection(SolutionProperties) = preSolution
		HideSolutionNode = FALSE
	EndGlobalSection
	GlobalSection(ExtensibilityGlobals) = postSolution
		SolutionGuid = {ADE197BE-F9FE-47E9-B6F3-3DA0236A00EE}
	EndGlobalSection
EndGlobal
